
Microsoft Visual Studio Solution File, Format Version 12.00
# Visual Studio Version 16
VisualStudioVersion = 16.0.31729.503
MinimumVisualStudioVersion = 10.0.40219.1
Project("{FAE04EC0-301F-11D3-BF4B-00C04F79EFBC}") = "DiscalculiaHelper", "DiscalculiaHelper.csproj", "{73E43B32-1665-438F-9547-39BDFF8FA0EC}"
EndProject
Global
	GlobalSection(SolutionConfigurationPlatforms) = preSolution
		Debug|Any CPU = Debug|Any CPU
		Release|Any CPU = Release|Any CPU
	EndGlobalSection
	GlobalSection(ProjectConfigurationPlatforms) = postSolution
		{73E43B32-1665-438F-9547-39BDFF8FA0EC}.Debug|Any CPU.ActiveCfg = Debug|Any CPU
		{73E43B32-1665-438F-9547-39BDFF8FA0EC}.Debug|Any CPU.Build.0 = Debug|Any CPU
		{73E43B32-1665-438F-9547-39BDFF8FA0EC}.Release|Any CPU.ActiveCfg = Release|Any CPU
		{73E43B32-1665-438F-9547-39BDFF8FA0EC}.Release|Any CPU.Build.0 = Release|Any CPU
	EndGlobalSection
	GlobalSection(SolutionProperties) = preSolution
		HideSolutionNode = FALSE
	EndGlobalSection
	GlobalSection(ExtensibilityGlobals) = postSolution
		SolutionGuid = {CA1416C6-705C-4DE2-963D-A740D284C669}
	EndGlobalSection
EndGlobal
